// !$*UTF8*$!
{
	archiveVersion = 1;
	classes = {
	};
	objectVersion = 46;
	objects = {

/* Begin PBXBuildFile section */
		1447A9221CA18E2D0074332E /* GameCenter.swift in Sources */ = {isa = PBXBuildFile; fileRef = 1447A9211CA18E2D0074332E /* GameCenter.swift */; };
		145100E21D92CEE300ABEFA1 /* AppDelegate.swift in Sources */ = {isa = PBXBuildFile; fileRef = 145100E01D92CEE300ABEFA1 /* AppDelegate.swift */; };
		145100E31D92CEE300ABEFA1 /* GameScene.swift in Sources */ = {isa = PBXBuildFile; fileRef = 145100E11D92CEE300ABEFA1 /* GameScene.swift */; };
		145100E51D92D98100ABEFA1 /* GameScene.sks in Resources */ = {isa = PBXBuildFile; fileRef = 145100E41D92D98100ABEFA1 /* GameScene.sks */; };
		145100E81D92D9C600ABEFA1 /* MainMenu.xib in Resources */ = {isa = PBXBuildFile; fileRef = 145100E61D92D9C600ABEFA1 /* MainMenu.xib */; };
		145100EA1D92D9D900ABEFA1 /* Assets_macOS.xcassets in Resources */ = {isa = PBXBuildFile; fileRef = 145100E91D92D9D900ABEFA1 /* Assets_macOS.xcassets */; };
		14994BE51CB30DA20009A545 /* MenuLayer.swift in Sources */ = {isa = PBXBuildFile; fileRef = A108DE471C49488F00760D54 /* MenuLayer.swift */; };
		14994BE61CB30DA40009A545 /* GameLayer.swift in Sources */ = {isa = PBXBuildFile; fileRef = A108DE461C49488F00760D54 /* GameLayer.swift */; };
		14994BE71CB30DA70009A545 /* HighscoreLayer.swift in Sources */ = {isa = PBXBuildFile; fileRef = A127C0201C4E52AE0042258B /* HighscoreLayer.swift */; };
		14994BE81CB30DC10009A545 /* Structs.swift in Sources */ = {isa = PBXBuildFile; fileRef = A108DE491C49488F00760D54 /* Structs.swift */; };
		14994BF01CB310210009A545 /* SKSceneExtension.swift in Sources */ = {isa = PBXBuildFile; fileRef = A108DE481C49488F00760D54 /* SKSceneExtension.swift */; };
		14BFA9931DD0087400A5C9D9 /* LoadingHelper.swift in Sources */ = {isa = PBXBuildFile; fileRef = 14BFA9921DD0087400A5C9D9 /* LoadingHelper.swift */; };
		14BFA9961DD00D6500A5C9D9 /* AnimationHelper.swift in Sources */ = {isa = PBXBuildFile; fileRef = 14BFA9951DD00D6500A5C9D9 /* AnimationHelper.swift */; };
		14BFA9981DD00F0E00A5C9D9 /* HighscoreHelper.swift in Sources */ = {isa = PBXBuildFile; fileRef = 14BFA9971DD00F0E00A5C9D9 /* HighscoreHelper.swift */; };
		14E229D31DE3529C00EF4808 /* GameKit.framework in Frameworks */ = {isa = PBXBuildFile; fileRef = 14E229D21DE3529C00EF4808 /* GameKit.framework */; };
		14E229D41DE3547C00EF4808 /* AppDelegate.swift in Sources */ = {isa = PBXBuildFile; fileRef = A1D459901C46B62E0093B6CB /* AppDelegate.swift */; };
		14E229D61DE3635700EF4808 /* SF-UI-Display-Regular.otf in Resources */ = {isa = PBXBuildFile; fileRef = 14E229D51DE3635700EF4808 /* SF-UI-Display-Regular.otf */; };
		14E229D71DE3635700EF4808 /* SF-UI-Display-Regular.otf in Resources */ = {isa = PBXBuildFile; fileRef = 14E229D51DE3635700EF4808 /* SF-UI-Display-Regular.otf */; };
		14E229D81DE3635700EF4808 /* SF-UI-Display-Regular.otf in Resources */ = {isa = PBXBuildFile; fileRef = 14E229D51DE3635700EF4808 /* SF-UI-Display-Regular.otf */; };
		14E229DA1DE36FA400EF4808 /* Assets_iOS.xcassets in Resources */ = {isa = PBXBuildFile; fileRef = A1D4599B1C46B62E0093B6CB /* Assets_iOS.xcassets */; };
		14EDA5981DE33927009B06FD /* GameCenter.swift in Sources */ = {isa = PBXBuildFile; fileRef = 1447A9211CA18E2D0074332E /* GameCenter.swift */; };
		14EDA5991DE339C3009B06FD /* LoadingHelper.swift in Sources */ = {isa = PBXBuildFile; fileRef = 14BFA9921DD0087400A5C9D9 /* LoadingHelper.swift */; };
		14EDA59A1DE339C6009B06FD /* AnimationHelper.swift in Sources */ = {isa = PBXBuildFile; fileRef = 14BFA9951DD00D6500A5C9D9 /* AnimationHelper.swift */; };
		14EDA59B1DE339C8009B06FD /* HighscoreHelper.swift in Sources */ = {isa = PBXBuildFile; fileRef = 14BFA9971DD00F0E00A5C9D9 /* HighscoreHelper.swift */; };
		14EE10811C74B410004CA811 /* Main.storyboard in Resources */ = {isa = PBXBuildFile; fileRef = 14EE107F1C74B410004CA811 /* Main.storyboard */; };
		14EE10831C74B410004CA811 /* Assets_tvOS.xcassets in Resources */ = {isa = PBXBuildFile; fileRef = 14EE10821C74B410004CA811 /* Assets_tvOS.xcassets */; };
		14EE10881C74B421004CA811 /* Structs.swift in Sources */ = {isa = PBXBuildFile; fileRef = A108DE491C49488F00760D54 /* Structs.swift */; };
		14EE10891C74B423004CA811 /* SKSceneExtension.swift in Sources */ = {isa = PBXBuildFile; fileRef = A108DE481C49488F00760D54 /* SKSceneExtension.swift */; };
		14EE108A1C74B426004CA811 /* HighscoreLayer.swift in Sources */ = {isa = PBXBuildFile; fileRef = A127C0201C4E52AE0042258B /* HighscoreLayer.swift */; };
		14EE108B1C74B428004CA811 /* GameLayer.swift in Sources */ = {isa = PBXBuildFile; fileRef = A108DE461C49488F00760D54 /* GameLayer.swift */; };
		14EE108C1C74B42C004CA811 /* MenuLayer.swift in Sources */ = {isa = PBXBuildFile; fileRef = A108DE471C49488F00760D54 /* MenuLayer.swift */; };
		14EE108D1C74B430004CA811 /* GameScene.sks in Resources */ = {isa = PBXBuildFile; fileRef = A1D459921C46B62E0093B6CB /* GameScene.sks */; };
		14EE108E1C74B433004CA811 /* GameScene.swift in Sources */ = {isa = PBXBuildFile; fileRef = A1D459941C46B62E0093B6CB /* GameScene.swift */; };
		14EE108F1C74B434004CA811 /* GameViewController.swift in Sources */ = {isa = PBXBuildFile; fileRef = A1D459961C46B62E0093B6CB /* GameViewController.swift */; };
		14EEC2521E5CE67500A11EAE /* Gr4vity_wav.wav in Resources */ = {isa = PBXBuildFile; fileRef = 14EEC2511E5CE67500A11EAE /* Gr4vity_wav.wav */; };
		14EEC2531E5CE67500A11EAE /* Gr4vity_wav.wav in Resources */ = {isa = PBXBuildFile; fileRef = 14EEC2511E5CE67500A11EAE /* Gr4vity_wav.wav */; };
		14EEC2541E5CE67500A11EAE /* Gr4vity_wav.wav in Resources */ = {isa = PBXBuildFile; fileRef = 14EEC2511E5CE67500A11EAE /* Gr4vity_wav.wav */; };
		816F2D811D900A7D0031BC06 /* GameKit.framework in Frameworks */ = {isa = PBXBuildFile; fileRef = 816F2D801D900A7D0031BC06 /* GameKit.framework */; };
		A108DE4A1C49488F00760D54 /* GameLayer.swift in Sources */ = {isa = PBXBuildFile; fileRef = A108DE461C49488F00760D54 /* GameLayer.swift */; };
		A108DE4B1C49488F00760D54 /* MenuLayer.swift in Sources */ = {isa = PBXBuildFile; fileRef = A108DE471C49488F00760D54 /* MenuLayer.swift */; };
		A108DE4C1C49488F00760D54 /* SKSceneExtension.swift in Sources */ = {isa = PBXBuildFile; fileRef = A108DE481C49488F00760D54 /* SKSceneExtension.swift */; };
		A108DE4D1C49488F00760D54 /* Structs.swift in Sources */ = {isa = PBXBuildFile; fileRef = A108DE491C49488F00760D54 /* Structs.swift */; };
		A126FADF1C565DA5002D4A85 /* Settings.bundle in Resources */ = {isa = PBXBuildFile; fileRef = A126FADE1C565DA5002D4A85 /* Settings.bundle */; };
		A127C0211C4E52AE0042258B /* HighscoreLayer.swift in Sources */ = {isa = PBXBuildFile; fileRef = A127C0201C4E52AE0042258B /* HighscoreLayer.swift */; };
		A19946591C46B8D500A0041B /* GameKit.framework in Frameworks */ = {isa = PBXBuildFile; fileRef = A19946581C46B8D500A0041B /* GameKit.framework */; };
		A1D459911C46B62E0093B6CB /* AppDelegate.swift in Sources */ = {isa = PBXBuildFile; fileRef = A1D459901C46B62E0093B6CB /* AppDelegate.swift */; };
		A1D459931C46B62E0093B6CB /* GameScene.sks in Resources */ = {isa = PBXBuildFile; fileRef = A1D459921C46B62E0093B6CB /* GameScene.sks */; };
		A1D459951C46B62E0093B6CB /* GameScene.swift in Sources */ = {isa = PBXBuildFile; fileRef = A1D459941C46B62E0093B6CB /* GameScene.swift */; };
		A1D459971C46B62E0093B6CB /* GameViewController.swift in Sources */ = {isa = PBXBuildFile; fileRef = A1D459961C46B62E0093B6CB /* GameViewController.swift */; };
		A1D4599A1C46B62E0093B6CB /* Main.storyboard in Resources */ = {isa = PBXBuildFile; fileRef = A1D459981C46B62E0093B6CB /* Main.storyboard */; };
		A1D4599C1C46B62E0093B6CB /* Assets_iOS.xcassets in Resources */ = {isa = PBXBuildFile; fileRef = A1D4599B1C46B62E0093B6CB /* Assets_iOS.xcassets */; };
/* End PBXBuildFile section */

/* Begin PBXFileReference section */
		14188E271CBD2AE900ED16DF /* Gravity macOS.entitlements */ = {isa = PBXFileReference; lastKnownFileType = text.plist.entitlements; name = "Gravity macOS.entitlements"; path = "Gravity macOS/Gravity macOS.entitlements"; sourceTree = "<group>"; };
		1447A9211CA18E2D0074332E /* GameCenter.swift */ = {isa = PBXFileReference; fileEncoding = 4; lastKnownFileType = sourcecode.swift; path = GameCenter.swift; sourceTree = "<group>"; };
		145100E01D92CEE300ABEFA1 /* AppDelegate.swift */ = {isa = PBXFileReference; fileEncoding = 4; lastKnownFileType = sourcecode.swift; name = AppDelegate.swift; path = "Gravity macOS/AppDelegate.swift"; sourceTree = SOURCE_ROOT; };
		145100E11D92CEE300ABEFA1 /* GameScene.swift */ = {isa = PBXFileReference; fileEncoding = 4; lastKnownFileType = sourcecode.swift; name = GameScene.swift; path = "Gravity macOS/GameScene.swift"; sourceTree = SOURCE_ROOT; };
		145100E41D92D98100ABEFA1 /* GameScene.sks */ = {isa = PBXFileReference; lastKnownFileType = file.sks; name = GameScene.sks; path = "Gravity macOS/GameScene.sks"; sourceTree = SOURCE_ROOT; };
		145100E71D92D9C600ABEFA1 /* Base */ = {isa = PBXFileReference; lastKnownFileType = file.xib; name = Base; path = "Gravity macOS/Base.lproj/MainMenu.xib"; sourceTree = SOURCE_ROOT; };
		145100E91D92D9D900ABEFA1 /* Assets_macOS.xcassets */ = {isa = PBXFileReference; lastKnownFileType = folder.assetcatalog; name = Assets_macOS.xcassets; path = "Gravity macOS/Assets_macOS.xcassets"; sourceTree = SOURCE_ROOT; };
		14994BD41CB30D840009A545 /* Gr4vity.app */ = {isa = PBXFileReference; explicitFileType = wrapper.application; includeInIndex = 0; path = Gr4vity.app; sourceTree = BUILT_PRODUCTS_DIR; };
		14994BE11CB30D840009A545 /* Info.plist */ = {isa = PBXFileReference; lastKnownFileType = text.plist; name = Info.plist; path = "Gravity macOS/Info.plist"; sourceTree = "<group>"; };
		14BFA9921DD0087400A5C9D9 /* LoadingHelper.swift */ = {isa = PBXFileReference; fileEncoding = 4; lastKnownFileType = sourcecode.swift; name = LoadingHelper.swift; path = Helper/LoadingHelper.swift; sourceTree = "<group>"; };
		14BFA9951DD00D6500A5C9D9 /* AnimationHelper.swift */ = {isa = PBXFileReference; fileEncoding = 4; lastKnownFileType = sourcecode.swift; name = AnimationHelper.swift; path = Helper/AnimationHelper.swift; sourceTree = "<group>"; };
		14BFA9971DD00F0E00A5C9D9 /* HighscoreHelper.swift */ = {isa = PBXFileReference; fileEncoding = 4; lastKnownFileType = sourcecode.swift; name = HighscoreHelper.swift; path = Helper/HighscoreHelper.swift; sourceTree = "<group>"; };
		14E229D21DE3529C00EF4808 /* GameKit.framework */ = {isa = PBXFileReference; lastKnownFileType = wrapper.framework; name = GameKit.framework; path = Platforms/AppleTVOS.platform/Developer/SDKs/AppleTVOS10.0.sdk/System/Library/Frameworks/GameKit.framework; sourceTree = DEVELOPER_DIR; };
		14E229D51DE3635700EF4808 /* SF-UI-Display-Regular.otf */ = {isa = PBXFileReference; lastKnownFileType = file; path = "SF-UI-Display-Regular.otf"; sourceTree = "<group>"; };
		14EE10751C74B410004CA811 /* Gr4vity tvOS.app */ = {isa = PBXFileReference; explicitFileType = wrapper.application; includeInIndex = 0; path = "Gr4vity tvOS.app"; sourceTree = BUILT_PRODUCTS_DIR; };
		14EE10801C74B410004CA811 /* Base */ = {isa = PBXFileReference; lastKnownFileType = file.storyboard; name = Base; path = Base.lproj/Main.storyboard; sourceTree = "<group>"; };
		14EE10821C74B410004CA811 /* Assets_tvOS.xcassets */ = {isa = PBXFileReference; lastKnownFileType = folder.assetcatalog; path = Assets_tvOS.xcassets; sourceTree = "<group>"; };
		14EE10841C74B410004CA811 /* Info.plist */ = {isa = PBXFileReference; lastKnownFileType = text.plist.xml; path = Info.plist; sourceTree = "<group>"; };
		14EE10921C74B4C3004CA811 /* AppDelegate.swift */ = {isa = PBXFileReference; fileEncoding = 4; lastKnownFileType = sourcecode.swift; path = AppDelegate.swift; sourceTree = "<group>"; };
		14EEC2511E5CE67500A11EAE /* Gr4vity_wav.wav */ = {isa = PBXFileReference; lastKnownFileType = audio.wav; path = Gr4vity_wav.wav; sourceTree = "<group>"; };
		14FD4E4E1CBEDAF9005F58C8 /* AVFoundation.framework */ = {isa = PBXFileReference; lastKnownFileType = wrapper.framework; name = AVFoundation.framework; path = System/Library/Frameworks/AVFoundation.framework; sourceTree = SDKROOT; };
		816F2D801D900A7D0031BC06 /* GameKit.framework */ = {isa = PBXFileReference; lastKnownFileType = wrapper.framework; name = GameKit.framework; path = Platforms/MacOSX.platform/Developer/SDKs/MacOSX10.12.sdk/System/Library/Frameworks/GameKit.framework; sourceTree = DEVELOPER_DIR; };
		A108DE461C49488F00760D54 /* GameLayer.swift */ = {isa = PBXFileReference; fileEncoding = 4; lastKnownFileType = sourcecode.swift; path = GameLayer.swift; sourceTree = "<group>"; };
		A108DE471C49488F00760D54 /* MenuLayer.swift */ = {isa = PBXFileReference; fileEncoding = 4; lastKnownFileType = sourcecode.swift; path = MenuLayer.swift; sourceTree = "<group>"; };
		A108DE481C49488F00760D54 /* SKSceneExtension.swift */ = {isa = PBXFileReference; fileEncoding = 4; lastKnownFileType = sourcecode.swift; path = SKSceneExtension.swift; sourceTree = "<group>"; };
		A108DE491C49488F00760D54 /* Structs.swift */ = {isa = PBXFileReference; fileEncoding = 4; lastKnownFileType = sourcecode.swift; path = Structs.swift; sourceTree = "<group>"; };
		A126FADE1C565DA5002D4A85 /* Settings.bundle */ = {isa = PBXFileReference; lastKnownFileType = "wrapper.plug-in"; path = Settings.bundle; sourceTree = "<group>"; };
		A127C0201C4E52AE0042258B /* HighscoreLayer.swift */ = {isa = PBXFileReference; fileEncoding = 4; lastKnownFileType = sourcecode.swift; path = HighscoreLayer.swift; sourceTree = "<group>"; };
		A19946581C46B8D500A0041B /* GameKit.framework */ = {isa = PBXFileReference; lastKnownFileType = wrapper.framework; name = GameKit.framework; path = System/Library/Frameworks/GameKit.framework; sourceTree = SDKROOT; };
		A1D4598D1C46B62E0093B6CB /* Gr4vity iOS.app */ = {isa = PBXFileReference; explicitFileType = wrapper.application; includeInIndex = 0; path = "Gr4vity iOS.app"; sourceTree = BUILT_PRODUCTS_DIR; };
		A1D459901C46B62E0093B6CB /* AppDelegate.swift */ = {isa = PBXFileReference; lastKnownFileType = sourcecode.swift; path = AppDelegate.swift; sourceTree = "<group>"; };
		A1D459921C46B62E0093B6CB /* GameScene.sks */ = {isa = PBXFileReference; lastKnownFileType = file.sks; path = GameScene.sks; sourceTree = "<group>"; };
		A1D459941C46B62E0093B6CB /* GameScene.swift */ = {isa = PBXFileReference; lastKnownFileType = sourcecode.swift; path = GameScene.swift; sourceTree = "<group>"; };
		A1D459961C46B62E0093B6CB /* GameViewController.swift */ = {isa = PBXFileReference; lastKnownFileType = sourcecode.swift; path = GameViewController.swift; sourceTree = "<group>"; };
		A1D459991C46B62E0093B6CB /* Base */ = {isa = PBXFileReference; lastKnownFileType = file.storyboard; name = Base; path = Base.lproj/Main.storyboard; sourceTree = "<group>"; };
		A1D4599B1C46B62E0093B6CB /* Assets_iOS.xcassets */ = {isa = PBXFileReference; lastKnownFileType = folder.assetcatalog; path = Assets_iOS.xcassets; sourceTree = "<group>"; };
		A1D459A01C46B62E0093B6CB /* Info.plist */ = {isa = PBXFileReference; lastKnownFileType = text.plist.xml; path = Info.plist; sourceTree = "<group>"; };
/* End PBXFileReference section */

/* Begin PBXFrameworksBuildPhase section */
		14994BD11CB30D840009A545 /* Frameworks */ = {
			isa = PBXFrameworksBuildPhase;
			buildActionMask = 2147483647;
			files = (
				816F2D811D900A7D0031BC06 /* GameKit.framework in Frameworks */,
			);
			runOnlyForDeploymentPostprocessing = 0;
		};
		14EE10721C74B410004CA811 /* Frameworks */ = {
			isa = PBXFrameworksBuildPhase;
			buildActionMask = 2147483647;
			files = (
				14E229D31DE3529C00EF4808 /* GameKit.framework in Frameworks */,
			);
			runOnlyForDeploymentPostprocessing = 0;
		};
		A1D4598A1C46B62E0093B6CB /* Frameworks */ = {
			isa = PBXFrameworksBuildPhase;
			buildActionMask = 2147483647;
			files = (
				A19946591C46B8D500A0041B /* GameKit.framework in Frameworks */,
			);
			runOnlyForDeploymentPostprocessing = 0;
		};
/* End PBXFrameworksBuildPhase section */

/* Begin PBXGroup section */
		14994BD51CB30D840009A545 /* Gravity macOS */ = {
			isa = PBXGroup;
			children = (
				14188E271CBD2AE900ED16DF /* Gravity macOS.entitlements */,
				145100E01D92CEE300ABEFA1 /* AppDelegate.swift */,
				145100E61D92D9C600ABEFA1 /* MainMenu.xib */,
				145100E41D92D98100ABEFA1 /* GameScene.sks */,
				145100E91D92D9D900ABEFA1 /* Assets_macOS.xcassets */,
				145100E11D92CEE300ABEFA1 /* GameScene.swift */,
				14994BE11CB30D840009A545 /* Info.plist */,
			);
			name = "Gravity macOS";
			path = "Gravity OSX";
			sourceTree = "<group>";
		};
		14994BEA1CB30E310009A545 /* Shared */ = {
			isa = PBXGroup;
			children = (
				14EEC2511E5CE67500A11EAE /* Gr4vity_wav.wav */,
				14E229D51DE3635700EF4808 /* SF-UI-Display-Regular.otf */,
				14BFA98F1DD007AC00A5C9D9 /* Helper */,
				14994BEB1CB30E3B0009A545 /* Layers */,
				14994BEC1CB30E490009A545 /* Extensions */,
			);
			path = Shared;
			sourceTree = "<group>";
		};
		14994BEB1CB30E3B0009A545 /* Layers */ = {
			isa = PBXGroup;
			children = (
				A108DE471C49488F00760D54 /* MenuLayer.swift */,
				A108DE461C49488F00760D54 /* GameLayer.swift */,
				A127C0201C4E52AE0042258B /* HighscoreLayer.swift */,
			);
			path = Layers;
			sourceTree = "<group>";
		};
		14994BEC1CB30E490009A545 /* Extensions */ = {
			isa = PBXGroup;
			children = (
				A108DE491C49488F00760D54 /* Structs.swift */,
				A108DE481C49488F00760D54 /* SKSceneExtension.swift */,
			);
			path = Extensions;
			sourceTree = "<group>";
		};
		14BFA98F1DD007AC00A5C9D9 /* Helper */ = {
			isa = PBXGroup;
			children = (
				14BFA9921DD0087400A5C9D9 /* LoadingHelper.swift */,
				14BFA9951DD00D6500A5C9D9 /* AnimationHelper.swift */,
				14BFA9971DD00F0E00A5C9D9 /* HighscoreHelper.swift */,
			);
			name = Helper;
			sourceTree = "<group>";
		};
		14CA552B1C49897B00E97C8F /* Extensions */ = {
			isa = PBXGroup;
			children = (
				1447A9211CA18E2D0074332E /* GameCenter.swift */,
			);
			name = Extensions;
			sourceTree = "<group>";
		};
		14EE10761C74B410004CA811 /* Gravity tvOS */ = {
			isa = PBXGroup;
			children = (
				14EE10921C74B4C3004CA811 /* AppDelegate.swift */,
				14EE107F1C74B410004CA811 /* Main.storyboard */,
				14EE10821C74B410004CA811 /* Assets_tvOS.xcassets */,
				14EE10841C74B410004CA811 /* Info.plist */,
			);
			path = "Gravity tvOS";
			sourceTree = "<group>";
		};
		8C4A506B52B050643EA03376 /* Frameworks */ = {
			isa = PBXGroup;
			children = (
				14E229D21DE3529C00EF4808 /* GameKit.framework */,
				816F2D801D900A7D0031BC06 /* GameKit.framework */,
				14FD4E4E1CBEDAF9005F58C8 /* AVFoundation.framework */,
				A19946581C46B8D500A0041B /* GameKit.framework */,
			);
			name = Frameworks;
			sourceTree = "<group>";
		};
		A1D459841C46B62E0093B6CB = {
			isa = PBXGroup;
			children = (
				14994BEA1CB30E310009A545 /* Shared */,
				A1D4598F1C46B62E0093B6CB /* Gravity iOS */,
				14994BD51CB30D840009A545 /* Gravity macOS */,
				14EE10761C74B410004CA811 /* Gravity tvOS */,
				A1D4598E1C46B62E0093B6CB /* Products */,
				8C4A506B52B050643EA03376 /* Frameworks */,
			);
			sourceTree = "<group>";
		};
		A1D4598E1C46B62E0093B6CB /* Products */ = {
			isa = PBXGroup;
			children = (
				A1D4598D1C46B62E0093B6CB /* Gr4vity iOS.app */,
				14EE10751C74B410004CA811 /* Gr4vity tvOS.app */,
				14994BD41CB30D840009A545 /* Gr4vity.app */,
			);
			name = Products;
			sourceTree = "<group>";
		};
		A1D4598F1C46B62E0093B6CB /* Gravity iOS */ = {
			isa = PBXGroup;
			children = (
				A1D459901C46B62E0093B6CB /* AppDelegate.swift */,
				A1D459961C46B62E0093B6CB /* GameViewController.swift */,
				A1D459941C46B62E0093B6CB /* GameScene.swift */,
				A1D459921C46B62E0093B6CB /* GameScene.sks */,
				A1D459981C46B62E0093B6CB /* Main.storyboard */,
				A1D4599B1C46B62E0093B6CB /* Assets_iOS.xcassets */,
				A126FADE1C565DA5002D4A85 /* Settings.bundle */,
				A1D459A01C46B62E0093B6CB /* Info.plist */,
				14CA552B1C49897B00E97C8F /* Extensions */,
			);
			path = "Gravity iOS";
			sourceTree = "<group>";
		};
/* End PBXGroup section */

/* Begin PBXNativeTarget section */
		14994BD31CB30D840009A545 /* Gr4vity macOS */ = {
			isa = PBXNativeTarget;
			buildConfigurationList = 14994BE41CB30D840009A545 /* Build configuration list for PBXNativeTarget "Gr4vity macOS" */;
			buildPhases = (
				14994BD01CB30D840009A545 /* Sources */,
				14994BD11CB30D840009A545 /* Frameworks */,
				14994BD21CB30D840009A545 /* Resources */,
			);
			buildRules = (
			);
			dependencies = (
			);
			name = "Gr4vity macOS";
			productName = "Gravity OSX";
			productReference = 14994BD41CB30D840009A545 /* Gr4vity.app */;
			productType = "com.apple.product-type.application";
		};
		14EE10741C74B410004CA811 /* Gr4vity tvOS */ = {
			isa = PBXNativeTarget;
			buildConfigurationList = 14EE10871C74B410004CA811 /* Build configuration list for PBXNativeTarget "Gr4vity tvOS" */;
			buildPhases = (
				14EE10711C74B410004CA811 /* Sources */,
				14EE10721C74B410004CA811 /* Frameworks */,
				14EE10731C74B410004CA811 /* Resources */,
			);
			buildRules = (
			);
			dependencies = (
			);
			name = "Gr4vity tvOS";
			productName = "Gravity tvOS";
			productReference = 14EE10751C74B410004CA811 /* Gr4vity tvOS.app */;
			productType = "com.apple.product-type.application";
		};
		A1D4598C1C46B62E0093B6CB /* Gr4vity iOS */ = {
			isa = PBXNativeTarget;
			buildConfigurationList = A1D459A31C46B62E0093B6CB /* Build configuration list for PBXNativeTarget "Gr4vity iOS" */;
			buildPhases = (
				A1D459891C46B62E0093B6CB /* Sources */,
				A1D4598A1C46B62E0093B6CB /* Frameworks */,
				A1D4598B1C46B62E0093B6CB /* Resources */,
			);
			buildRules = (
			);
			dependencies = (
			);
			name = "Gr4vity iOS";
			productName = Gravity;
			productReference = A1D4598D1C46B62E0093B6CB /* Gr4vity iOS.app */;
			productType = "com.apple.product-type.application";
		};
/* End PBXNativeTarget section */

/* Begin PBXProject section */
		A1D459851C46B62E0093B6CB /* Project object */ = {
			isa = PBXProject;
			attributes = {
				LastSwiftUpdateCheck = 0730;
				LastUpgradeCheck = 0800;
				ORGANIZATIONNAME = YaLu;
				TargetAttributes = {
					14994BD31CB30D840009A545 = {
						CreatedOnToolsVersion = 7.3;
						DevelopmentTeam = ZA57B2W688;
						LastSwiftMigration = 0800;
						SystemCapabilities = {
							com.apple.GameCenter = {
								enabled = 1;
							};
							com.apple.Sandbox = {
								enabled = 1;
							};
						};
					};
					14EE10741C74B410004CA811 = {
						CreatedOnToolsVersion = 7.2.1;
						DevelopmentTeam = ZA57B2W688;
						LastSwiftMigration = 0810;
						ProvisioningStyle = Automatic;
						SystemCapabilities = {
							com.apple.GameCenter = {
								enabled = 1;
							};
						};
					};
					A1D4598C1C46B62E0093B6CB = {
						CreatedOnToolsVersion = 7.2;
						DevelopmentTeam = ZA57B2W688;
						LastSwiftMigration = 0800;
						SystemCapabilities = {
							com.apple.GameCenter = {
								enabled = 1;
							};
						};
					};
				};
			};
			buildConfigurationList = A1D459881C46B62E0093B6CB /* Build configuration list for PBXProject "Gr4vity" */;
			compatibilityVersion = "Xcode 3.2";
			developmentRegion = English;
			hasScannedForEncodings = 0;
			knownRegions = (
				en,
				Base,
			);
			mainGroup = A1D459841C46B62E0093B6CB;
			productRefGroup = A1D4598E1C46B62E0093B6CB /* Products */;
			projectDirPath = "";
			projectRoot = "";
			targets = (
				A1D4598C1C46B62E0093B6CB /* Gr4vity iOS */,
				14EE10741C74B410004CA811 /* Gr4vity tvOS */,
				14994BD31CB30D840009A545 /* Gr4vity macOS */,
			);
		};
/* End PBXProject section */

/* Begin PBXResourcesBuildPhase section */
		14994BD21CB30D840009A545 /* Resources */ = {
			isa = PBXResourcesBuildPhase;
			buildActionMask = 2147483647;
			files = (
				145100E51D92D98100ABEFA1 /* GameScene.sks in Resources */,
				14E229D81DE3635700EF4808 /* SF-UI-Display-Regular.otf in Resources */,
				14EEC2541E5CE67500A11EAE /* Gr4vity_wav.wav in Resources */,
				145100EA1D92D9D900ABEFA1 /* Assets_macOS.xcassets in Resources */,
				145100E81D92D9C600ABEFA1 /* MainMenu.xib in Resources */,
			);
			runOnlyForDeploymentPostprocessing = 0;
		};
		14EE10731C74B410004CA811 /* Resources */ = {
			isa = PBXResourcesBuildPhase;
			buildActionMask = 2147483647;
			files = (
				14EE10831C74B410004CA811 /* Assets_tvOS.xcassets in Resources */,
				14EE108D1C74B430004CA811 /* GameScene.sks in Resources */,
				14EEC2531E5CE67500A11EAE /* Gr4vity_wav.wav in Resources */,
				14E229D71DE3635700EF4808 /* SF-UI-Display-Regular.otf in Resources */,
				14E229DA1DE36FA400EF4808 /* Assets_iOS.xcassets in Resources */,
				14EE10811C74B410004CA811 /* Main.storyboard in Resources */,
			);
			runOnlyForDeploymentPostprocessing = 0;
		};
		A1D4598B1C46B62E0093B6CB /* Resources */ = {
			isa = PBXResourcesBuildPhase;
			buildActionMask = 2147483647;
			files = (
				A1D459931C46B62E0093B6CB /* GameScene.sks in Resources */,
				14EEC2521E5CE67500A11EAE /* Gr4vity_wav.wav in Resources */,
				14E229D61DE3635700EF4808 /* SF-UI-Display-Regular.otf in Resources */,
				A126FADF1C565DA5002D4A85 /* Settings.bundle in Resources */,
				A1D4599C1C46B62E0093B6CB /* Assets_iOS.xcassets in Resources */,
				A1D4599A1C46B62E0093B6CB /* Main.storyboard in Resources */,
			);
			runOnlyForDeploymentPostprocessing = 0;
		};
/* End PBXResourcesBuildPhase section */

/* Begin PBXSourcesBuildPhase section */
		14994BD01CB30D840009A545 /* Sources */ = {
			isa = PBXSourcesBuildPhase;
			buildActionMask = 2147483647;
			files = (
				145100E21D92CEE300ABEFA1 /* AppDelegate.swift in Sources */,
				14994BE81CB30DC10009A545 /* Structs.swift in Sources */,
				14994BE71CB30DA70009A545 /* HighscoreLayer.swift in Sources */,
				14994BF01CB310210009A545 /* SKSceneExtension.swift in Sources */,
				14994BE51CB30DA20009A545 /* MenuLayer.swift in Sources */,
				145100E31D92CEE300ABEFA1 /* GameScene.swift in Sources */,
				14994BE61CB30DA40009A545 /* GameLayer.swift in Sources */,
			);
			runOnlyForDeploymentPostprocessing = 0;
		};
		14EE10711C74B410004CA811 /* Sources */ = {
			isa = PBXSourcesBuildPhase;
			buildActionMask = 2147483647;
			files = (
				14E229D41DE3547C00EF4808 /* AppDelegate.swift in Sources */,
				14EDA5991DE339C3009B06FD /* LoadingHelper.swift in Sources */,
				14EE108F1C74B434004CA811 /* GameViewController.swift in Sources */,
				14EE108E1C74B433004CA811 /* GameScene.swift in Sources */,
				14EDA59B1DE339C8009B06FD /* HighscoreHelper.swift in Sources */,
				14EE10891C74B423004CA811 /* SKSceneExtension.swift in Sources */,
				14EE108B1C74B428004CA811 /* GameLayer.swift in Sources */,
				14EDA59A1DE339C6009B06FD /* AnimationHelper.swift in Sources */,
				14EDA5981DE33927009B06FD /* GameCenter.swift in Sources */,
				14EE108C1C74B42C004CA811 /* MenuLayer.swift in Sources */,
				14EE10881C74B421004CA811 /* Structs.swift in Sources */,
				14EE108A1C74B426004CA811 /* HighscoreLayer.swift in Sources */,
			);
			runOnlyForDeploymentPostprocessing = 0;
		};
		A1D459891C46B62E0093B6CB /* Sources */ = {
			isa = PBXSourcesBuildPhase;
			buildActionMask = 2147483647;
			files = (
				14BFA9931DD0087400A5C9D9 /* LoadingHelper.swift in Sources */,
				A127C0211C4E52AE0042258B /* HighscoreLayer.swift in Sources */,
				A1D459951C46B62E0093B6CB /* GameScene.swift in Sources */,
				A108DE4A1C49488F00760D54 /* GameLayer.swift in Sources */,
				14BFA9981DD00F0E00A5C9D9 /* HighscoreHelper.swift in Sources */,
				A108DE4B1C49488F00760D54 /* MenuLayer.swift in Sources */,
				A108DE4D1C49488F00760D54 /* Structs.swift in Sources */,
				14BFA9961DD00D6500A5C9D9 /* AnimationHelper.swift in Sources */,
				1447A9221CA18E2D0074332E /* GameCenter.swift in Sources */,
				A1D459971C46B62E0093B6CB /* GameViewController.swift in Sources */,
				A108DE4C1C49488F00760D54 /* SKSceneExtension.swift in Sources */,
				A1D459911C46B62E0093B6CB /* AppDelegate.swift in Sources */,
			);
			runOnlyForDeploymentPostprocessing = 0;
		};
/* End PBXSourcesBuildPhase section */

/* Begin PBXVariantGroup section */
		145100E61D92D9C600ABEFA1 /* MainMenu.xib */ = {
			isa = PBXVariantGroup;
			children = (
				145100E71D92D9C600ABEFA1 /* Base */,
			);
			name = MainMenu.xib;
			sourceTree = "<group>";
		};
		14EE107F1C74B410004CA811 /* Main.storyboard */ = {
			isa = PBXVariantGroup;
			children = (
				14EE10801C74B410004CA811 /* Base */,
			);
			name = Main.storyboard;
			sourceTree = "<group>";
		};
		A1D459981C46B62E0093B6CB /* Main.storyboard */ = {
			isa = PBXVariantGroup;
			children = (
				A1D459991C46B62E0093B6CB /* Base */,
			);
			name = Main.storyboard;
			sourceTree = "<group>";
		};
/* End PBXVariantGroup section */

/* Begin XCBuildConfiguration section */
		14994BE21CB30D840009A545 /* Debug */ = {
			isa = XCBuildConfiguration;
			buildSettings = {
				ASSETCATALOG_COMPILER_APPICON_NAME = AppIcon;
				CLANG_ANALYZER_NONNULL = YES;
				CODE_SIGN_ENTITLEMENTS = "Gravity macOS/Gravity macOS.entitlements";
				CODE_SIGN_IDENTITY = "Mac Developer";
				COMBINE_HIDPI_IMAGES = YES;
				INFOPLIST_FILE = "$(SRCROOT)/Gravity macOS/Info.plist";
				LD_RUNPATH_SEARCH_PATHS = "$(inherited) @executable_path/../Frameworks";
				MACOSX_DEPLOYMENT_TARGET = 10.11;
				PRODUCT_BUNDLE_IDENTIFIER = "com.yalu.Gravity-OSX";
				PRODUCT_NAME = Gr4vity;
				SDKROOT = macosx;
				SWIFT_VERSION = 3.0;
			};
			name = Debug;
		};
		14994BE31CB30D840009A545 /* Release */ = {
			isa = XCBuildConfiguration;
			buildSettings = {
				ASSETCATALOG_COMPILER_APPICON_NAME = AppIcon;
				CLANG_ANALYZER_NONNULL = YES;
				CODE_SIGN_ENTITLEMENTS = "Gravity macOS/Gravity macOS.entitlements";
				CODE_SIGN_IDENTITY = "Mac Developer";
				COMBINE_HIDPI_IMAGES = YES;
				INFOPLIST_FILE = "$(SRCROOT)/Gravity macOS/Info.plist";
				LD_RUNPATH_SEARCH_PATHS = "$(inherited) @executable_path/../Frameworks";
				MACOSX_DEPLOYMENT_TARGET = 10.11;
				PRODUCT_BUNDLE_IDENTIFIER = "com.yalu.Gravity-OSX";
				PRODUCT_NAME = Gr4vity;
				SDKROOT = macosx;
				SWIFT_VERSION = 3.0;
			};
			name = Release;
		};
		14EE10851C74B410004CA811 /* Debug */ = {
			isa = XCBuildConfiguration;
			buildSettings = {
				ASSETCATALOG_COMPILER_APPICON_NAME = "Brand Assets";
				ASSETCATALOG_COMPILER_LAUNCHIMAGE_NAME = LaunchImage;
				CODE_SIGN_IDENTITY = "iPhone Developer";
				"CODE_SIGN_IDENTITY[sdk=appletvos*]" = "iPhone Developer";
				DEVELOPMENT_TEAM = ZA57B2W688;
				INFOPLIST_FILE = "Gravity tvOS/Info.plist";
				LD_RUNPATH_SEARCH_PATHS = "$(inherited) @executable_path/Frameworks";
				PRODUCT_BUNDLE_IDENTIFIER = com.yalu.Gravity;
				PRODUCT_NAME = "$(TARGET_NAME)";
				PROVISIONING_PROFILE = "";
				SDKROOT = appletvos;
				SWIFT_VERSION = 3.0;
				TARGETED_DEVICE_FAMILY = 3;
				TVOS_DEPLOYMENT_TARGET = 9.1;
			};
			name = Debug;
		};
		14EE10861C74B410004CA811 /* Release */ = {
			isa = XCBuildConfiguration;
			buildSettings = {
				ASSETCATALOG_COMPILER_APPICON_NAME = "Brand Assets";
				ASSETCATALOG_COMPILER_LAUNCHIMAGE_NAME = LaunchImage;
				CODE_SIGN_IDENTITY = "iPhone Developer";
				"CODE_SIGN_IDENTITY[sdk=appletvos*]" = "iPhone Developer";
				DEVELOPMENT_TEAM = ZA57B2W688;
				INFOPLIST_FILE = "Gravity tvOS/Info.plist";
				LD_RUNPATH_SEARCH_PATHS = "$(inherited) @executable_path/Frameworks";
				PRODUCT_BUNDLE_IDENTIFIER = com.yalu.Gravity;
				PRODUCT_NAME = "$(TARGET_NAME)";
				PROVISIONING_PROFILE = "";
				SDKROOT = appletvos;
				SWIFT_VERSION = 3.0;
				TARGETED_DEVICE_FAMILY = 3;
				TVOS_DEPLOYMENT_TARGET = 9.1;
			};
			name = Release;
		};
		A1D459A11C46B62E0093B6CB /* Debug */ = {
			isa = XCBuildConfiguration;
			buildSettings = {
				ALWAYS_SEARCH_USER_PATHS = NO;
				CLANG_CXX_LANGUAGE_STANDARD = "gnu++0x";
				CLANG_CXX_LIBRARY = "libc++";
				CLANG_ENABLE_MODULES = YES;
				CLANG_ENABLE_OBJC_ARC = YES;
				CLANG_WARN_BOOL_CONVERSION = YES;
				CLANG_WARN_CONSTANT_CONVERSION = YES;
				CLANG_WARN_DIRECT_OBJC_ISA_USAGE = YES_ERROR;
				CLANG_WARN_EMPTY_BODY = YES;
				CLANG_WARN_ENUM_CONVERSION = YES;
				CLANG_WARN_INFINITE_RECURSION = YES;
				CLANG_WARN_INT_CONVERSION = YES;
				CLANG_WARN_OBJC_ROOT_CLASS = YES_ERROR;
				CLANG_WARN_SUSPICIOUS_MOVE = YES;
				CLANG_WARN_UNREACHABLE_CODE = YES;
				CLANG_WARN__DUPLICATE_METHOD_MATCH = YES;
				"CODE_SIGN_IDENTITY[sdk=iphoneos*]" = "iPhone Developer";
				COPY_PHASE_STRIP = NO;
				DEBUG_INFORMATION_FORMAT = "dwarf-with-dsym";
				ENABLE_STRICT_OBJC_MSGSEND = YES;
				ENABLE_TESTABILITY = YES;
				GCC_C_LANGUAGE_STANDARD = gnu99;
				GCC_DYNAMIC_NO_PIC = NO;
				GCC_NO_COMMON_BLOCKS = YES;
				GCC_OPTIMIZATION_LEVEL = 0;
				GCC_PREPROCESSOR_DEFINITIONS = (
					"DEBUG=1",
					"$(inherited)",
				);
				GCC_WARN_64_TO_32_BIT_CONVERSION = YES;
				GCC_WARN_ABOUT_RETURN_TYPE = YES_ERROR;
				GCC_WARN_UNDECLARED_SELECTOR = YES;
				GCC_WARN_UNINITIALIZED_AUTOS = YES_AGGRESSIVE;
				GCC_WARN_UNUSED_FUNCTION = YES;
				GCC_WARN_UNUSED_VARIABLE = YES;
				IPHONEOS_DEPLOYMENT_TARGET = 9.2;
				MTL_ENABLE_DEBUG_INFO = YES;
				ONLY_ACTIVE_ARCH = YES;
				SDKROOT = iphoneos;
				SWIFT_OPTIMIZATION_LEVEL = "-Onone";
				TARGETED_DEVICE_FAMILY = "1,2";
			};
			name = Debug;
		};
		A1D459A21C46B62E0093B6CB /* Release */ = {
			isa = XCBuildConfiguration;
			buildSettings = {
				ALWAYS_SEARCH_USER_PATHS = NO;
				CLANG_CXX_LANGUAGE_STANDARD = "gnu++0x";
				CLANG_CXX_LIBRARY = "libc++";
				CLANG_ENABLE_MODULES = YES;
				CLANG_ENABLE_OBJC_ARC = YES;
				CLANG_WARN_BOOL_CONVERSION = YES;
				CLANG_WARN_CONSTANT_CONVERSION = YES;
				CLANG_WARN_DIRECT_OBJC_ISA_USAGE = YES_ERROR;
				CLANG_WARN_EMPTY_BODY = YES;
				CLANG_WARN_ENUM_CONVERSION = YES;
				CLANG_WARN_INFINITE_RECURSION = YES;
				CLANG_WARN_INT_CONVERSION = YES;
				CLANG_WARN_OBJC_ROOT_CLASS = YES_ERROR;
				CLANG_WARN_SUSPICIOUS_MOVE = YES;
				CLANG_WARN_UNREACHABLE_CODE = YES;
				CLANG_WARN__DUPLICATE_METHOD_MATCH = YES;
				"CODE_SIGN_IDENTITY[sdk=iphoneos*]" = "iPhone Developer";
				COPY_PHASE_STRIP = NO;
				DEBUG_INFORMATION_FORMAT = "dwarf-with-dsym";
				ENABLE_NS_ASSERTIONS = NO;
				ENABLE_STRICT_OBJC_MSGSEND = YES;
				GCC_C_LANGUAGE_STANDARD = gnu99;
				GCC_NO_COMMON_BLOCKS = YES;
				GCC_WARN_64_TO_32_BIT_CONVERSION = YES;
				GCC_WARN_ABOUT_RETURN_TYPE = YES_ERROR;
				GCC_WARN_UNDECLARED_SELECTOR = YES;
				GCC_WARN_UNINITIALIZED_AUTOS = YES_AGGRESSIVE;
				GCC_WARN_UNUSED_FUNCTION = YES;
				GCC_WARN_UNUSED_VARIABLE = YES;
				IPHONEOS_DEPLOYMENT_TARGET = 9.2;
				MTL_ENABLE_DEBUG_INFO = NO;
				SDKROOT = iphoneos;
				SWIFT_OPTIMIZATION_LEVEL = "-Owholemodule";
				TARGETED_DEVICE_FAMILY = "1,2";
				VALIDATE_PRODUCT = YES;
			};
			name = Release;
		};
		A1D459A41C46B62E0093B6CB /* Debug */ = {
			isa = XCBuildConfiguration;
			buildSettings = {
				ASSETCATALOG_COMPILER_APPICON_NAME = AppIcon;
				ASSETCATALOG_COMPILER_LAUNCHIMAGE_NAME = LaunchImage;
				CODE_SIGN_IDENTITY = "iPhone Developer";
				"CODE_SIGN_IDENTITY[sdk=iphoneos*]" = "iPhone Developer";
				DEVELOPMENT_TEAM = ZA57B2W688;
				INFOPLIST_FILE = "$(SRCROOT)/Gravity iOS/Info.plist";
				IPHONEOS_DEPLOYMENT_TARGET = 8.0;
				LD_RUNPATH_SEARCH_PATHS = "$(inherited) @executable_path/Frameworks";
				PRODUCT_BUNDLE_IDENTIFIER = com.yalu.Gravity;
				PRODUCT_NAME = "$(TARGET_NAME)";
				PROVISIONING_PROFILE = "";
				SWIFT_VERSION = 3.0;
			};
			name = Debug;
		};
		A1D459A51C46B62E0093B6CB /* Release */ = {
			isa = XCBuildConfiguration;
			buildSettings = {
				ASSETCATALOG_COMPILER_APPICON_NAME = AppIcon;
				ASSETCATALOG_COMPILER_LAUNCHIMAGE_NAME = LaunchImage;
				CODE_SIGN_IDENTITY = "iPhone Developer";
				"CODE_SIGN_IDENTITY[sdk=iphoneos*]" = "iPhone Developer";
				DEVELOPMENT_TEAM = ZA57B2W688;
				INFOPLIST_FILE = "$(SRCROOT)/Gravity iOS/Info.plist";
				IPHONEOS_DEPLOYMENT_TARGET = 8.0;
				LD_RUNPATH_SEARCH_PATHS = "$(inherited) @executable_path/Frameworks";
				PRODUCT_BUNDLE_IDENTIFIER = com.yalu.Gravity;
				PRODUCT_NAME = "$(TARGET_NAME)";
				PROVISIONING_PROFILE = "";
				SWIFT_VERSION = 3.0;
			};
			name = Release;
		};
/* End XCBuildConfiguration section */

/* Begin XCConfigurationList section */
		14994BE41CB30D840009A545 /* Build configuration list for PBXNativeTarget "Gr4vity macOS" */ = {
			isa = XCConfigurationList;
			buildConfigurations = (
				14994BE21CB30D840009A545 /* Debug */,
				14994BE31CB30D840009A545 /* Release */,
			);
			defaultConfigurationIsVisible = 0;
			defaultConfigurationName = Release;
		};
		14EE10871C74B410004CA811 /* Build configuration list for PBXNativeTarget "Gr4vity tvOS" */ = {
			isa = XCConfigurationList;
			buildConfigurations = (
				14EE10851C74B410004CA811 /* Debug */,
				14EE10861C74B410004CA811 /* Release */,
			);
			defaultConfigurationIsVisible = 0;
			defaultConfigurationName = Release;
		};
		A1D459881C46B62E0093B6CB /* Build configuration list for PBXProject "Gr4vity" */ = {
			isa = XCConfigurationList;
			buildConfigurations = (
				A1D459A11C46B62E0093B6CB /* Debug */,
				A1D459A21C46B62E0093B6CB /* Release */,
			);
			defaultConfigurationIsVisible = 0;
			defaultConfigurationName = Release;
		};
		A1D459A31C46B62E0093B6CB /* Build configuration list for PBXNativeTarget "Gr4vity iOS" */ = {
			isa = XCConfigurationList;
			buildConfigurations = (
				A1D459A41C46B62E0093B6CB /* Debug */,
				A1D459A51C46B62E0093B6CB /* Release */,
			);
			defaultConfigurationIsVisible = 0;
			defaultConfigurationName = Release;
		};
/* End XCConfigurationList section */
	};
	rootObject = A1D459851C46B62E0093B6CB /* Project object */;
}
